
Microsoft Visual Studio Solution File, Format Version 12.00
# Visual Studio 15
VisualStudioVersion = 15.0.27130.2026
MinimumVisualStudioVersion = 10.0.40219.1
Project("{FAE04EC0-301F-11D3-BF4B-00C04F79EFBC}") = "Tetris.Core", "Tetris.Core\Tetris.Core.csproj", "{145FDAEA-BD25-4423-97F9-C2A1C8107EB5}"
EndProject
Global
	GlobalSection(SolutionConfigurationPlatforms) = preSolution
		Debug|Any CPU = Debug|Any CPU
		Release|Any CPU = Release|Any CPU
	EndGlobalSection
	GlobalSection(ProjectConfigurationPlatforms) = postSolution
		{145FDAEA-BD25-4423-97F9-C2A1C8107EB5}.Debug|Any CPU.ActiveCfg = Debug|Any CPU
		{145FDAEA-BD25-4423-97F9-C2A1C8107EB5}.Debug|Any CPU.Build.0 = Debug|Any CPU
		{145FDAEA-BD25-4423-97F9-C2A1C8107EB5}.Release|Any CPU.ActiveCfg = Release|Any CPU
		{145FDAEA-BD25-4423-97F9-C2A1C8107EB5}.Release|Any CPU.Build.0 = Release|Any CPU
	EndGlobalSection
	GlobalSection(SolutionProperties) = preSolution
		HideSolutionNode = FALSE
	EndGlobalSection
	GlobalSection(NestedProjects) = preSolution
	EndGlobalSection
	GlobalSection(ExtensibilityGlobals) = postSolution
		SolutionGuid = {0301E3DD-6121-458A-BA4A-1CF0E7A8FADA}
	EndGlobalSection
EndGlobal
